// !$*UTF8*$!
{
	archiveVersion = 1;
	classes = {
	};
	objectVersion = 46;
	objects = {

/* Begin PBXBuildFile section */
		2F737A1B1EDA3302006628BF /* AppDelegate.swift in Sources */ = {isa = PBXBuildFile; fileRef = 2F737A1A1EDA3302006628BF /* AppDelegate.swift */; };
		2F737A1D1EDA3302006628BF /* FirstViewController.swift in Sources */ = {isa = PBXBuildFile; fileRef = 2F737A1C1EDA3302006628BF /* FirstViewController.swift */; };
		2F737A1F1EDA3302006628BF /* SecondViewController.swift in Sources */ = {isa = PBXBuildFile; fileRef = 2F737A1E1EDA3302006628BF /* SecondViewController.swift */; };
		2F737A221EDA3302006628BF /* Main.storyboard in Resources */ = {isa = PBXBuildFile; fileRef = 2F737A201EDA3302006628BF /* Main.storyboard */; };
		2F737A241EDA3302006628BF /* Assets.xcassets in Resources */ = {isa = PBXBuildFile; fileRef = 2F737A231EDA3302006628BF /* Assets.xcassets */; };
		2F737A271EDA3302006628BF /* LaunchScreen.storyboard in Resources */ = {isa = PBXBuildFile; fileRef = 2F737A251EDA3302006628BF /* LaunchScreen.storyboard */; };
		F79832341109B29D64A0C3AB /* Pods_CalTrack.framework in Frameworks */ = {isa = PBXBuildFile; fileRef = FE0A5EEC30AD58DFAC4FEE13 /* Pods_CalTrack.framework */; };
/* End PBXBuildFile section */

/* Begin PBXFileReference section */
		2F737A171EDA3302006628BF /* CalTrack.app */ = {isa = PBXFileReference; explicitFileType = wrapper.application; includeInIndex = 0; path = CalTrack.app; sourceTree = BUILT_PRODUCTS_DIR; };
		2F737A1A1EDA3302006628BF /* AppDelegate.swift */ = {isa = PBXFileReference; lastKnownFileType = sourcecode.swift; path = AppDelegate.swift; sourceTree = "<group>"; };
		2F737A1C1EDA3302006628BF /* FirstViewController.swift */ = {isa = PBXFileReference; lastKnownFileType = sourcecode.swift; path = FirstViewController.swift; sourceTree = "<group>"; };
		2F737A1E1EDA3302006628BF /* SecondViewController.swift */ = {isa = PBXFileReference; lastKnownFileType = sourcecode.swift; path = SecondViewController.swift; sourceTree = "<group>"; };
		2F737A211EDA3302006628BF /* Base */ = {isa = PBXFileReference; lastKnownFileType = file.storyboard; name = Base; path = Base.lproj/Main.storyboard; sourceTree = "<group>"; };
		2F737A231EDA3302006628BF /* Assets.xcassets */ = {isa = PBXFileReference; lastKnownFileType = folder.assetcatalog; path = Assets.xcassets; sourceTree = "<group>"; };
		2F737A261EDA3302006628BF /* Base */ = {isa = PBXFileReference; lastKnownFileType = file.storyboard; name = Base; path = Base.lproj/LaunchScreen.storyboard; sourceTree = "<group>"; };
		2F737A281EDA3302006628BF /* Info.plist */ = {isa = PBXFileReference; lastKnownFileType = text.plist.xml; path = Info.plist; sourceTree = "<group>"; };
		326761B2A9492146E1CCE6F2 /* Pods-CalTrack.release.xcconfig */ = {isa = PBXFileReference; includeInIndex = 1; lastKnownFileType = text.xcconfig; name = "Pods-CalTrack.release.xcconfig"; path = "Pods/Target Support Files/Pods-CalTrack/Pods-CalTrack.release.xcconfig"; sourceTree = "<group>"; };
		D8EDB87EA409300049CCA0E1 /* Pods-CalTrack.debug.xcconfig */ = {isa = PBXFileReference; includeInIndex = 1; lastKnownFileType = text.xcconfig; name = "Pods-CalTrack.debug.xcconfig"; path = "Pods/Target Support Files/Pods-CalTrack/Pods-CalTrack.debug.xcconfig"; sourceTree = "<group>"; };
		FE0A5EEC30AD58DFAC4FEE13 /* Pods_CalTrack.framework */ = {isa = PBXFileReference; explicitFileType = wrapper.framework; includeInIndex = 0; path = Pods_CalTrack.framework; sourceTree = BUILT_PRODUCTS_DIR; };
/* End PBXFileReference section */

/* Begin PBXFrameworksBuildPhase section */
		2F737A141EDA3302006628BF /* Frameworks */ = {
			isa = PBXFrameworksBuildPhase;
			buildActionMask = 2147483647;
			files = (
				F79832341109B29D64A0C3AB /* Pods_CalTrack.framework in Frameworks */,
			);
			runOnlyForDeploymentPostprocessing = 0;
		};
/* End PBXFrameworksBuildPhase section */

/* Begin PBXGroup section */
		0246E670B2E1F00C3596462B /* Pods */ = {
			isa = PBXGroup;
			children = (
				D8EDB87EA409300049CCA0E1 /* Pods-CalTrack.debug.xcconfig */,
				326761B2A9492146E1CCE6F2 /* Pods-CalTrack.release.xcconfig */,
			);
			name = Pods;
			sourceTree = "<group>";
		};
		29BA8B59795766C9C7D7AB2F /* Frameworks */ = {
			isa = PBXGroup;
			children = (
				FE0A5EEC30AD58DFAC4FEE13 /* Pods_CalTrack.framework */,
			);
			name = Frameworks;
			sourceTree = "<group>";
		};
		2F737A0E1EDA3302006628BF = {
			isa = PBXGroup;
			children = (
				2F737A191EDA3302006628BF /* CalTrack */,
				2F737A181EDA3302006628BF /* Products */,
				0246E670B2E1F00C3596462B /* Pods */,
				29BA8B59795766C9C7D7AB2F /* Frameworks */,
			);
			sourceTree = "<group>";
		};
		2F737A181EDA3302006628BF /* Products */ = {
			isa = PBXGroup;
			children = (
				2F737A171EDA3302006628BF /* CalTrack.app */,
			);
			name = Products;
			sourceTree = "<group>";
		};
		2F737A191EDA3302006628BF /* CalTrack */ = {
			isa = PBXGroup;
			children = (
				2F737A1A1EDA3302006628BF /* AppDelegate.swift */,
				2F737A1C1EDA3302006628BF /* FirstViewController.swift */,
				2F737A1E1EDA3302006628BF /* SecondViewController.swift */,
				2F737A201EDA3302006628BF /* Main.storyboard */,
				2F737A231EDA3302006628BF /* Assets.xcassets */,
				2F737A251EDA3302006628BF /* LaunchScreen.storyboard */,
				2F737A281EDA3302006628BF /* Info.plist */,
			);
			path = CalTrack;
			sourceTree = "<group>";
		};
/* End PBXGroup section */

/* Begin PBXNativeTarget section */
		2F737A161EDA3302006628BF /* CalTrack */ = {
			isa = PBXNativeTarget;
			buildConfigurationList = 2F737A2B1EDA3302006628BF /* Build configuration list for PBXNativeTarget "CalTrack" */;
			buildPhases = (
				A27712A16CFB90733E644818 /* [CP] Check Pods Manifest.lock */,
				2F737A131EDA3302006628BF /* Sources */,
				2F737A141EDA3302006628BF /* Frameworks */,
				2F737A151EDA3302006628BF /* Resources */,
				D4BBAE011B66FEC47844CF16 /* [CP] Embed Pods Frameworks */,
				B43086F210C557B2C47CD285 /* [CP] Copy Pods Resources */,
			);
			buildRules = (
			);
			dependencies = (
			);
			name = CalTrack;
			productName = CalTrack;
			productReference = 2F737A171EDA3302006628BF /* CalTrack.app */;
			productType = "com.apple.product-type.application";
		};
/* End PBXNativeTarget section */

/* Begin PBXProject section */
		2F737A0F1EDA3302006628BF /* Project object */ = {
			isa = PBXProject;
			attributes = {
				LastSwiftUpdateCheck = 0820;
				LastUpgradeCheck = 0820;
				ORGANIZATIONNAME = "Andrew Bihl";
				TargetAttributes = {
					2F737A161EDA3302006628BF = {
						CreatedOnToolsVersion = 8.2.1;
						DevelopmentTeam = 4EU7KH7ZUS;
						ProvisioningStyle = Automatic;
					};
				};
			};
			buildConfigurationList = 2F737A121EDA3302006628BF /* Build configuration list for PBXProject "CalTrack" */;
			compatibilityVersion = "Xcode 3.2";
			developmentRegion = English;
			hasScannedForEncodings = 0;
			knownRegions = (
				en,
				Base,
			);
			mainGroup = 2F737A0E1EDA3302006628BF;
			productRefGroup = 2F737A181EDA3302006628BF /* Products */;
			projectDirPath = "";
			projectRoot = "";
			targets = (
				2F737A161EDA3302006628BF /* CalTrack */,
			);
		};
/* End PBXProject section */

/* Begin PBXResourcesBuildPhase section */
		2F737A151EDA3302006628BF /* Resources */ = {
			isa = PBXResourcesBuildPhase;
			buildActionMask = 2147483647;
			files = (
				2F737A271EDA3302006628BF /* LaunchScreen.storyboard in Resources */,
				2F737A241EDA3302006628BF /* Assets.xcassets in Resources */,
				2F737A221EDA3302006628BF /* Main.storyboard in Resources */,
			);
			runOnlyForDeploymentPostprocessing = 0;
		};
/* End PBXResourcesBuildPhase section */

/* Begin PBXShellScriptBuildPhase section */
		A27712A16CFB90733E644818 /* [CP] Check Pods Manifest.lock */ = {
			isa = PBXShellScriptBuildPhase;
			buildActionMask = 2147483647;
			files = (
			);
			inputPaths = (
			);
			name = "[CP] Check Pods Manifest.lock";
			outputPaths = (
			);
			runOnlyForDeploymentPostprocessing = 0;
			shellPath = /bin/sh;
			shellScript = "diff \"${PODS_ROOT}/../Podfile.lock\" \"${PODS_ROOT}/Manifest.lock\" > /dev/null\nif [ $? != 0 ] ; then\n    # print error to STDERR\n    echo \"error: The sandbox is not in sync with the Podfile.lock. Run 'pod install' or update your CocoaPods installation.\" >&2\n    exit 1\nfi\n";
			showEnvVarsInLog = 0;
		};
		B43086F210C557B2C47CD285 /* [CP] Copy Pods Resources */ = {
			isa = PBXShellScriptBuildPhase;
			buildActionMask = 2147483647;
			files = (
			);
			inputPaths = (
			);
			name = "[CP] Copy Pods Resources";
			outputPaths = (
			);
			runOnlyForDeploymentPostprocessing = 0;
			shellPath = /bin/sh;
			shellScript = "\"${SRCROOT}/Pods/Target Support Files/Pods-CalTrack/Pods-CalTrack-resources.sh\"\n";
			showEnvVarsInLog = 0;
		};
		D4BBAE011B66FEC47844CF16 /* [CP] Embed Pods Frameworks */ = {
			isa = PBXShellScriptBuildPhase;
			buildActionMask = 2147483647;
			files = (
			);
			inputPaths = (
			);
			name = "[CP] Embed Pods Frameworks";
			outputPaths = (
			);
			runOnlyForDeploymentPostprocessing = 0;
			shellPath = /bin/sh;
			shellScript = "\"${SRCROOT}/Pods/Target Support Files/Pods-CalTrack/Pods-CalTrack-frameworks.sh\"\n";
			showEnvVarsInLog = 0;
		};
/* End PBXShellScriptBuildPhase section */

/* Begin PBXSourcesBuildPhase section */
		2F737A131EDA3302006628BF /* Sources */ = {
			isa = PBXSourcesBuildPhase;
			buildActionMask = 2147483647;
			files = (
				2F737A1F1EDA3302006628BF /* SecondViewController.swift in Sources */,
				2F737A1B1EDA3302006628BF /* AppDelegate.swift in Sources */,
				2F737A1D1EDA3302006628BF /* FirstViewController.swift in Sources */,
			);
			runOnlyForDeploymentPostprocessing = 0;
		};
/* End PBXSourcesBuildPhase section */

/* Begin PBXVariantGroup section */
		2F737A201EDA3302006628BF /* Main.storyboard */ = {
			isa = PBXVariantGroup;
			children = (
				2F737A211EDA3302006628BF /* Base */,
			);
			name = Main.storyboard;
			sourceTree = "<group>";
		};
		2F737A251EDA3302006628BF /* LaunchScreen.storyboard */ = {
			isa = PBXVariantGroup;
			children = (
				2F737A261EDA3302006628BF /* Base */,
			);
			name = LaunchScreen.storyboard;
			sourceTree = "<group>";
		};
/* End PBXVariantGroup section */

/* Begin XCBuildConfiguration section */
		2F737A291EDA3302006628BF /* Debug */ = {
			isa = XCBuildConfiguration;
			buildSettings = {
				ALWAYS_SEARCH_USER_PATHS = NO;
				CLANG_ANALYZER_NONNULL = YES;
				CLANG_CXX_LANGUAGE_STANDARD = "gnu++0x";
				CLANG_CXX_LIBRARY = "libc++";
				CLANG_ENABLE_MODULES = YES;
				CLANG_ENABLE_OBJC_ARC = YES;
				CLANG_WARN_BOOL_CONVERSION = YES;
				CLANG_WARN_CONSTANT_CONVERSION = YES;
				CLANG_WARN_DIRECT_OBJC_ISA_USAGE = YES_ERROR;
				CLANG_WARN_DOCUMENTATION_COMMENTS = YES;
				CLANG_WARN_EMPTY_BODY = YES;
				CLANG_WARN_ENUM_CONVERSION = YES;
				CLANG_WARN_INFINITE_RECURSION = YES;
				CLANG_WARN_INT_CONVERSION = YES;
				CLANG_WARN_OBJC_ROOT_CLASS = YES_ERROR;
				CLANG_WARN_SUSPICIOUS_MOVE = YES;
				CLANG_WARN_UNREACHABLE_CODE = YES;
				CLANG_WARN__DUPLICATE_METHOD_MATCH = YES;
				"CODE_SIGN_IDENTITY[sdk=iphoneos*]" = "iPhone Developer";
				COPY_PHASE_STRIP = NO;
				DEBUG_INFORMATION_FORMAT = dwarf;
				ENABLE_STRICT_OBJC_MSGSEND = YES;
				ENABLE_TESTABILITY = YES;
				GCC_C_LANGUAGE_STANDARD = gnu99;
				GCC_DYNAMIC_NO_PIC = NO;
				GCC_NO_COMMON_BLOCKS = YES;
				GCC_OPTIMIZATION_LEVEL = 0;
				GCC_PREPROCESSOR_DEFINITIONS = (
					"DEBUG=1",
					"$(inherited)",
				);
				GCC_WARN_64_TO_32_BIT_CONVERSION = YES;
				GCC_WARN_ABOUT_RETURN_TYPE = YES_ERROR;
				GCC_WARN_UNDECLARED_SELECTOR = YES;
				GCC_WARN_UNINITIALIZED_AUTOS = YES_AGGRESSIVE;
				GCC_WARN_UNUSED_FUNCTION = YES;
				GCC_WARN_UNUSED_VARIABLE = YES;
				IPHONEOS_DEPLOYMENT_TARGET = 10.2;
				MTL_ENABLE_DEBUG_INFO = YES;
				ONLY_ACTIVE_ARCH = YES;
				SDKROOT = iphoneos;
				SWIFT_ACTIVE_COMPILATION_CONDITIONS = DEBUG;
				SWIFT_OPTIMIZATION_LEVEL = "-Onone";
				TARGETED_DEVICE_FAMILY = "1,2";
			};
			name = Debug;
		};
		2F737A2A1EDA3302006628BF /* Release */ = {
			isa = XCBuildConfiguration;
			buildSettings = {
				ALWAYS_SEARCH_USER_PATHS = NO;
				CLANG_ANALYZER_NONNULL = YES;
				CLANG_CXX_LANGUAGE_STANDARD = "gnu++0x";
				CLANG_CXX_LIBRARY = "libc++";
				CLANG_ENABLE_MODULES = YES;
				CLANG_ENABLE_OBJC_ARC = YES;
				CLANG_WARN_BOOL_CONVERSION = YES;
				CLANG_WARN_CONSTANT_CONVERSION = YES;
				CLANG_WARN_DIRECT_OBJC_ISA_USAGE = YES_ERROR;
				CLANG_WARN_DOCUMENTATION_COMMENTS = YES;
				CLANG_WARN_EMPTY_BODY = YES;
				CLANG_WARN_ENUM_CONVERSION = YES;
				CLANG_WARN_INFINITE_RECURSION = YES;
				CLANG_WARN_INT_CONVERSION = YES;
				CLANG_WARN_OBJC_ROOT_CLASS = YES_ERROR;
				CLANG_WARN_SUSPICIOUS_MOVE = YES;
				CLANG_WARN_UNREACHABLE_CODE = YES;
				CLANG_WARN__DUPLICATE_METHOD_MATCH = YES;
				"CODE_SIGN_IDENTITY[sdk=iphoneos*]" = "iPhone Developer";
				COPY_PHASE_STRIP = NO;
				DEBUG_INFORMATION_FORMAT = "dwarf-with-dsym";
				ENABLE_NS_ASSERTIONS = NO;
				ENABLE_STRICT_OBJC_MSGSEND = YES;
				GCC_C_LANGUAGE_STANDARD = gnu99;
				GCC_NO_COMMON_BLOCKS = YES;
				GCC_WARN_64_TO_32_BIT_CONVERSION = YES;
				GCC_WARN_ABOUT_RETURN_TYPE = YES_ERROR;
				GCC_WARN_UNDECLARED_SELECTOR = YES;
				GCC_WARN_UNINITIALIZED_AUTOS = YES_AGGRESSIVE;
				GCC_WARN_UNUSED_FUNCTION = YES;
				GCC_WARN_UNUSED_VARIABLE = YES;
				IPHONEOS_DEPLOYMENT_TARGET = 10.2;
				MTL_ENABLE_DEBUG_INFO = NO;
				SDKROOT = iphoneos;
				SWIFT_OPTIMIZATION_LEVEL = "-Owholemodule";
				TARGETED_DEVICE_FAMILY = "1,2";
				VALIDATE_PRODUCT = YES;
			};
			name = Release;
		};
		2F737A2C1EDA3302006628BF /* Debug */ = {
			isa = XCBuildConfiguration;
			baseConfigurationReference = D8EDB87EA409300049CCA0E1 /* Pods-CalTrack.debug.xcconfig */;
			buildSettings = {
				ASSETCATALOG_COMPILER_APPICON_NAME = AppIcon;
				DEVELOPMENT_TEAM = 4EU7KH7ZUS;
				INFOPLIST_FILE = CalTrack/Info.plist;
				LD_RUNPATH_SEARCH_PATHS = "$(inherited) @executable_path/Frameworks";
				PRODUCT_BUNDLE_IDENTIFIER = com.pauca.CalTrack;
				PRODUCT_NAME = "$(TARGET_NAME)";
				SWIFT_VERSION = 3.0;
			};
			name = Debug;
		};
		2F737A2D1EDA3302006628BF /* Release */ = {
			isa = XCBuildConfiguration;
			baseConfigurationReference = 326761B2A9492146E1CCE6F2 /* Pods-CalTrack.release.xcconfig */;
			buildSettings = {
				ASSETCATALOG_COMPILER_APPICON_NAME = AppIcon;
				DEVELOPMENT_TEAM = 4EU7KH7ZUS;
				INFOPLIST_FILE = CalTrack/Info.plist;
				LD_RUNPATH_SEARCH_PATHS = "$(inherited) @executable_path/Frameworks";
				PRODUCT_BUNDLE_IDENTIFIER = com.pauca.CalTrack;
				PRODUCT_NAME = "$(TARGET_NAME)";
				SWIFT_VERSION = 3.0;
			};
			name = Release;
		};
/* End XCBuildConfiguration section */

/* Begin XCConfigurationList section */
		2F737A121EDA3302006628BF /* Build configuration list for PBXProject "CalTrack" */ = {
			isa = XCConfigurationList;
			buildConfigurations = (
				2F737A291EDA3302006628BF /* Debug */,
				2F737A2A1EDA3302006628BF /* Release */,
			);
			defaultConfigurationIsVisible = 0;
			defaultConfigurationName = Release;
		};
		2F737A2B1EDA3302006628BF /* Build configuration list for PBXNativeTarget "CalTrack" */ = {
			isa = XCConfigurationList;
			buildConfigurations = (
				2F737A2C1EDA3302006628BF /* Debug */,
				2F737A2D1EDA3302006628BF /* Release */,
			);
			defaultConfigurationIsVisible = 0;
			defaultConfigurationName = Release;
		};
/* End XCConfigurationList section */
	};
	rootObject = 2F737A0F1EDA3302006628BF /* Project object */;
}
